// !$*UTF8*$!
{
	archiveVersion = 1;
	classes = {
	};
	objectVersion = 46;
	objects = {

/* Begin PBXBuildFile section */
		097B883384C6999E091994A5 /* Pods_UntiletUITests.framework in Frameworks */ = {isa = PBXBuildFile; fileRef = 3755E1CAA71F00CCF91F7E25 /* Pods_UntiletUITests.framework */; };
		0BAB44DA6BAB06AB0F209EC3 /* Pods_Untilet.framework in Frameworks */ = {isa = PBXBuildFile; fileRef = 4EC7B32B526B12C695DA2A20 /* Pods_Untilet.framework */; };
		3F301C311DFADA440066BC68 /* untitledweek.png in Resources */ = {isa = PBXBuildFile; fileRef = 3F301C301DFADA440066BC68 /* untitledweek.png */; };
		3F301C331DFAEBF00066BC68 /* untiletchou.png in Resources */ = {isa = PBXBuildFile; fileRef = 3F301C321DFAEBF00066BC68 /* untiletchou.png */; };
		3F35588C1DF87D28001D1F3C /* untiletDiary.png in Resources */ = {isa = PBXBuildFile; fileRef = 3F35588B1DF87D28001D1F3C /* untiletDiary.png */; };
		3F3BE3201E337D210097BC83 /* 腸イラスト①.png in Resources */ = {isa = PBXBuildFile; fileRef = 3F3BE31F1E337D210097BC83 /* 腸イラスト①.png */; };
		3F3BE3221E33845F0097BC83 /* TitleViewController.swift in Sources */ = {isa = PBXBuildFile; fileRef = 3F3BE3211E33845F0097BC83 /* TitleViewController.swift */; };
		3F3BE3281E3389030097BC83 /* mailntoilet.jpeg in Resources */ = {isa = PBXBuildFile; fileRef = 3F3BE3271E3389030097BC83 /* mailntoilet.jpeg */; };
		3F60B4321DF293C400170871 /* logo2.png in Resources */ = {isa = PBXBuildFile; fileRef = 3F60B4311DF293C400170871 /* logo2.png */; };
		3F69C9791DF2A1E40059FFAD /* logo1.png in Resources */ = {isa = PBXBuildFile; fileRef = 3F69C9781DF2A1E40059FFAD /* logo1.png */; };
		3F69C97B1DF2B17E0059FFAD /* hana.png in Resources */ = {isa = PBXBuildFile; fileRef = 3F69C97A1DF2B17E0059FFAD /* hana.png */; };
		3F78682F1DF6824E007AF7D8 /* home.png in Resources */ = {isa = PBXBuildFile; fileRef = 3F78682E1DF6824E007AF7D8 /* home.png */; };
		3F7868311DF68254007AF7D8 /* diary.png in Resources */ = {isa = PBXBuildFile; fileRef = 3F7868301DF68254007AF7D8 /* diary.png */; };
		3F7868331DF68259007AF7D8 /* timeline.png in Resources */ = {isa = PBXBuildFile; fileRef = 3F7868321DF68259007AF7D8 /* timeline.png */; };
		3F7868351DF68B11007AF7D8 /* setting.png in Resources */ = {isa = PBXBuildFile; fileRef = 3F7868341DF68B11007AF7D8 /* setting.png */; };
		3F7868371DF68D0D007AF7D8 /* DiaryViewController.swift in Sources */ = {isa = PBXBuildFile; fileRef = 3F7868361DF68D0D007AF7D8 /* DiaryViewController.swift */; };
		3F7868391DF6A281007AF7D8 /* FriendViewController.swift in Sources */ = {isa = PBXBuildFile; fileRef = 3F7868381DF6A281007AF7D8 /* FriendViewController.swift */; };
		3FB160801DFED20C006EEAE9 /* untiletweek2.png in Resources */ = {isa = PBXBuildFile; fileRef = 3FB1607F1DFED20C006EEAE9 /* untiletweek2.png */; };
		3FB160821DFED214006EEAE9 /* untiletmonth2.png in Resources */ = {isa = PBXBuildFile; fileRef = 3FB160811DFED214006EEAE9 /* untiletmonth2.png */; };
		3FB160841DFED3D8006EEAE9 /* mimamori2.png in Resources */ = {isa = PBXBuildFile; fileRef = 3FB160831DFED3D8006EEAE9 /* mimamori2.png */; };
		3FDABE7E1DFA9B1500E0640E /* DiaryWeekViewController.swift in Sources */ = {isa = PBXBuildFile; fileRef = 3FDABE7D1DFA9B1500E0640E /* DiaryWeekViewController.swift */; };
		3FDABE801DFA9E0D00E0640E /* DiaryDayViewController.swift in Sources */ = {isa = PBXBuildFile; fileRef = 3FDABE7F1DFA9E0D00E0640E /* DiaryDayViewController.swift */; };
		3FE66D3D1DF92B08001B4DE5 /* untiletFriend.png in Resources */ = {isa = PBXBuildFile; fileRef = 3FE66D3C1DF92B08001B4DE5 /* untiletFriend.png */; };
		3FF768361DF5CE7500974C42 /* hito.png in Resources */ = {isa = PBXBuildFile; fileRef = 3FF768351DF5CE7500974C42 /* hito.png */; };
		578365424A3BD08911ADA832 /* Pods_UntiletTests.framework in Frameworks */ = {isa = PBXBuildFile; fileRef = D2E191E429D849ADFC5AAB82 /* Pods_UntiletTests.framework */; };
		DA3749471DEC713F000124CF /* AppDelegate.swift in Sources */ = {isa = PBXBuildFile; fileRef = DA3749461DEC713F000124CF /* AppDelegate.swift */; };
		DA3749491DEC713F000124CF /* ViewController.swift in Sources */ = {isa = PBXBuildFile; fileRef = DA3749481DEC713F000124CF /* ViewController.swift */; };
		DA37494C1DEC713F000124CF /* Main.storyboard in Resources */ = {isa = PBXBuildFile; fileRef = DA37494A1DEC713F000124CF /* Main.storyboard */; };
		DA37494E1DEC713F000124CF /* Assets.xcassets in Resources */ = {isa = PBXBuildFile; fileRef = DA37494D1DEC713F000124CF /* Assets.xcassets */; };
		DA3749511DEC713F000124CF /* LaunchScreen.storyboard in Resources */ = {isa = PBXBuildFile; fileRef = DA37494F1DEC713F000124CF /* LaunchScreen.storyboard */; };
		DA37495C1DEC713F000124CF /* UntiletTests.swift in Sources */ = {isa = PBXBuildFile; fileRef = DA37495B1DEC713F000124CF /* UntiletTests.swift */; };
		DA3749671DEC713F000124CF /* UntiletUITests.swift in Sources */ = {isa = PBXBuildFile; fileRef = DA3749661DEC713F000124CF /* UntiletUITests.swift */; };
/* End PBXBuildFile section */

/* Begin PBXContainerItemProxy section */
		DA3749581DEC713F000124CF /* PBXContainerItemProxy */ = {
			isa = PBXContainerItemProxy;
			containerPortal = DA37493B1DEC713F000124CF /* Project object */;
			proxyType = 1;
			remoteGlobalIDString = DA3749421DEC713F000124CF;
			remoteInfo = Untilet;
		};
		DA3749631DEC713F000124CF /* PBXContainerItemProxy */ = {
			isa = PBXContainerItemProxy;
			containerPortal = DA37493B1DEC713F000124CF /* Project object */;
			proxyType = 1;
			remoteGlobalIDString = DA3749421DEC713F000124CF;
			remoteInfo = Untilet;
		};
/* End PBXContainerItemProxy section */

/* Begin PBXFileReference section */
		30EF9FF0BA5E494C9529D531 /* Pods-UntiletUITests.release.xcconfig */ = {isa = PBXFileReference; includeInIndex = 1; lastKnownFileType = text.xcconfig; name = "Pods-UntiletUITests.release.xcconfig"; path = "Pods/Target Support Files/Pods-UntiletUITests/Pods-UntiletUITests.release.xcconfig"; sourceTree = "<group>"; };
		3755E1CAA71F00CCF91F7E25 /* Pods_UntiletUITests.framework */ = {isa = PBXFileReference; explicitFileType = wrapper.framework; includeInIndex = 0; path = Pods_UntiletUITests.framework; sourceTree = BUILT_PRODUCTS_DIR; };
		3F301C301DFADA440066BC68 /* untitledweek.png */ = {isa = PBXFileReference; lastKnownFileType = image.png; path = untitledweek.png; sourceTree = "<group>"; };
		3F301C321DFAEBF00066BC68 /* untiletchou.png */ = {isa = PBXFileReference; lastKnownFileType = image.png; path = untiletchou.png; sourceTree = "<group>"; };
		3F35588B1DF87D28001D1F3C /* untiletDiary.png */ = {isa = PBXFileReference; lastKnownFileType = image.png; path = untiletDiary.png; sourceTree = "<group>"; };
		3F3BE31F1E337D210097BC83 /* 腸イラスト①.png */ = {isa = PBXFileReference; lastKnownFileType = image.png; path = "腸イラスト①.png"; sourceTree = "<group>"; };
		3F3BE3211E33845F0097BC83 /* TitleViewController.swift */ = {isa = PBXFileReference; fileEncoding = 4; lastKnownFileType = sourcecode.swift; path = TitleViewController.swift; sourceTree = "<group>"; };
		3F3BE3271E3389030097BC83 /* mailntoilet.jpeg */ = {isa = PBXFileReference; lastKnownFileType = image.jpeg; path = mailntoilet.jpeg; sourceTree = "<group>"; };
		3F60B4311DF293C400170871 /* logo2.png */ = {isa = PBXFileReference; lastKnownFileType = image.png; path = logo2.png; sourceTree = "<group>"; };
		3F69C9781DF2A1E40059FFAD /* logo1.png */ = {isa = PBXFileReference; lastKnownFileType = image.png; path = logo1.png; sourceTree = "<group>"; };
		3F69C97A1DF2B17E0059FFAD /* hana.png */ = {isa = PBXFileReference; lastKnownFileType = image.png; path = hana.png; sourceTree = "<group>"; };
		3F78682E1DF6824E007AF7D8 /* home.png */ = {isa = PBXFileReference; lastKnownFileType = image.png; path = home.png; sourceTree = "<group>"; };
		3F7868301DF68254007AF7D8 /* diary.png */ = {isa = PBXFileReference; lastKnownFileType = image.png; path = diary.png; sourceTree = "<group>"; };
		3F7868321DF68259007AF7D8 /* timeline.png */ = {isa = PBXFileReference; lastKnownFileType = image.png; path = timeline.png; sourceTree = "<group>"; };
		3F7868341DF68B11007AF7D8 /* setting.png */ = {isa = PBXFileReference; lastKnownFileType = image.png; path = setting.png; sourceTree = "<group>"; };
		3F7868361DF68D0D007AF7D8 /* DiaryViewController.swift */ = {isa = PBXFileReference; fileEncoding = 4; lastKnownFileType = sourcecode.swift; path = DiaryViewController.swift; sourceTree = "<group>"; };
		3F7868381DF6A281007AF7D8 /* FriendViewController.swift */ = {isa = PBXFileReference; fileEncoding = 4; lastKnownFileType = sourcecode.swift; path = FriendViewController.swift; sourceTree = "<group>"; };
		3FB1607F1DFED20C006EEAE9 /* untiletweek2.png */ = {isa = PBXFileReference; lastKnownFileType = image.png; path = untiletweek2.png; sourceTree = "<group>"; };
		3FB160811DFED214006EEAE9 /* untiletmonth2.png */ = {isa = PBXFileReference; lastKnownFileType = image.png; path = untiletmonth2.png; sourceTree = "<group>"; };
		3FB160831DFED3D8006EEAE9 /* mimamori2.png */ = {isa = PBXFileReference; lastKnownFileType = image.png; path = mimamori2.png; sourceTree = "<group>"; };
		3FDABE7D1DFA9B1500E0640E /* DiaryWeekViewController.swift */ = {isa = PBXFileReference; fileEncoding = 4; lastKnownFileType = sourcecode.swift; path = DiaryWeekViewController.swift; sourceTree = "<group>"; };
		3FDABE7F1DFA9E0D00E0640E /* DiaryDayViewController.swift */ = {isa = PBXFileReference; fileEncoding = 4; lastKnownFileType = sourcecode.swift; path = DiaryDayViewController.swift; sourceTree = "<group>"; };
		3FE66D3C1DF92B08001B4DE5 /* untiletFriend.png */ = {isa = PBXFileReference; lastKnownFileType = image.png; path = untiletFriend.png; sourceTree = "<group>"; };
		3FF768351DF5CE7500974C42 /* hito.png */ = {isa = PBXFileReference; lastKnownFileType = image.png; path = hito.png; sourceTree = "<group>"; };
		4EC7B32B526B12C695DA2A20 /* Pods_Untilet.framework */ = {isa = PBXFileReference; explicitFileType = wrapper.framework; includeInIndex = 0; path = Pods_Untilet.framework; sourceTree = BUILT_PRODUCTS_DIR; };
		74B8F62696A5D779B7423F77 /* Pods-UntiletUITests.debug.xcconfig */ = {isa = PBXFileReference; includeInIndex = 1; lastKnownFileType = text.xcconfig; name = "Pods-UntiletUITests.debug.xcconfig"; path = "Pods/Target Support Files/Pods-UntiletUITests/Pods-UntiletUITests.debug.xcconfig"; sourceTree = "<group>"; };
		7B880483845E165EE2A06863 /* Pods-Untilet.release.xcconfig */ = {isa = PBXFileReference; includeInIndex = 1; lastKnownFileType = text.xcconfig; name = "Pods-Untilet.release.xcconfig"; path = "Pods/Target Support Files/Pods-Untilet/Pods-Untilet.release.xcconfig"; sourceTree = "<group>"; };
		97E68ED40C56F32426F592DE /* Pods-Untilet.debug.xcconfig */ = {isa = PBXFileReference; includeInIndex = 1; lastKnownFileType = text.xcconfig; name = "Pods-Untilet.debug.xcconfig"; path = "Pods/Target Support Files/Pods-Untilet/Pods-Untilet.debug.xcconfig"; sourceTree = "<group>"; };
		D2E191E429D849ADFC5AAB82 /* Pods_UntiletTests.framework */ = {isa = PBXFileReference; explicitFileType = wrapper.framework; includeInIndex = 0; path = Pods_UntiletTests.framework; sourceTree = BUILT_PRODUCTS_DIR; };
		D60F9D236F9FCBD22FB01A1B /* Pods-UntiletTests.debug.xcconfig */ = {isa = PBXFileReference; includeInIndex = 1; lastKnownFileType = text.xcconfig; name = "Pods-UntiletTests.debug.xcconfig"; path = "Pods/Target Support Files/Pods-UntiletTests/Pods-UntiletTests.debug.xcconfig"; sourceTree = "<group>"; };
		DA3749431DEC713F000124CF /* Untilet.app */ = {isa = PBXFileReference; explicitFileType = wrapper.application; includeInIndex = 0; path = Untilet.app; sourceTree = BUILT_PRODUCTS_DIR; };
		DA3749461DEC713F000124CF /* AppDelegate.swift */ = {isa = PBXFileReference; lastKnownFileType = sourcecode.swift; path = AppDelegate.swift; sourceTree = "<group>"; };
		DA3749481DEC713F000124CF /* ViewController.swift */ = {isa = PBXFileReference; lastKnownFileType = sourcecode.swift; path = ViewController.swift; sourceTree = "<group>"; };
		DA37494B1DEC713F000124CF /* Base */ = {isa = PBXFileReference; lastKnownFileType = file.storyboard; name = Base; path = Base.lproj/Main.storyboard; sourceTree = "<group>"; };
		DA37494D1DEC713F000124CF /* Assets.xcassets */ = {isa = PBXFileReference; lastKnownFileType = folder.assetcatalog; path = Assets.xcassets; sourceTree = "<group>"; };
		DA3749501DEC713F000124CF /* Base */ = {isa = PBXFileReference; lastKnownFileType = file.storyboard; name = Base; path = Base.lproj/LaunchScreen.storyboard; sourceTree = "<group>"; };
		DA3749521DEC713F000124CF /* Info.plist */ = {isa = PBXFileReference; lastKnownFileType = text.plist.xml; path = Info.plist; sourceTree = "<group>"; };
		DA3749571DEC713F000124CF /* UntiletTests.xctest */ = {isa = PBXFileReference; explicitFileType = wrapper.cfbundle; includeInIndex = 0; path = UntiletTests.xctest; sourceTree = BUILT_PRODUCTS_DIR; };
		DA37495B1DEC713F000124CF /* UntiletTests.swift */ = {isa = PBXFileReference; lastKnownFileType = sourcecode.swift; path = UntiletTests.swift; sourceTree = "<group>"; };
		DA37495D1DEC713F000124CF /* Info.plist */ = {isa = PBXFileReference; lastKnownFileType = text.plist.xml; path = Info.plist; sourceTree = "<group>"; };
		DA3749621DEC713F000124CF /* UntiletUITests.xctest */ = {isa = PBXFileReference; explicitFileType = wrapper.cfbundle; includeInIndex = 0; path = UntiletUITests.xctest; sourceTree = BUILT_PRODUCTS_DIR; };
		DA3749661DEC713F000124CF /* UntiletUITests.swift */ = {isa = PBXFileReference; lastKnownFileType = sourcecode.swift; path = UntiletUITests.swift; sourceTree = "<group>"; };
		DA3749681DEC713F000124CF /* Info.plist */ = {isa = PBXFileReference; lastKnownFileType = text.plist.xml; path = Info.plist; sourceTree = "<group>"; };
		F5D79DD411A35063B42DE302 /* Pods-UntiletTests.release.xcconfig */ = {isa = PBXFileReference; includeInIndex = 1; lastKnownFileType = text.xcconfig; name = "Pods-UntiletTests.release.xcconfig"; path = "Pods/Target Support Files/Pods-UntiletTests/Pods-UntiletTests.release.xcconfig"; sourceTree = "<group>"; };
/* End PBXFileReference section */

/* Begin PBXFrameworksBuildPhase section */
		DA3749401DEC713F000124CF /* Frameworks */ = {
			isa = PBXFrameworksBuildPhase;
			buildActionMask = 2147483647;
			files = (
				0BAB44DA6BAB06AB0F209EC3 /* Pods_Untilet.framework in Frameworks */,
			);
			runOnlyForDeploymentPostprocessing = 0;
		};
		DA3749541DEC713F000124CF /* Frameworks */ = {
			isa = PBXFrameworksBuildPhase;
			buildActionMask = 2147483647;
			files = (
				578365424A3BD08911ADA832 /* Pods_UntiletTests.framework in Frameworks */,
			);
			runOnlyForDeploymentPostprocessing = 0;
		};
		DA37495F1DEC713F000124CF /* Frameworks */ = {
			isa = PBXFrameworksBuildPhase;
			buildActionMask = 2147483647;
			files = (
				097B883384C6999E091994A5 /* Pods_UntiletUITests.framework in Frameworks */,
			);
			runOnlyForDeploymentPostprocessing = 0;
		};
/* End PBXFrameworksBuildPhase section */

/* Begin PBXGroup section */
		8F426932261A747400ED3DF0 /* Pods */ = {
			isa = PBXGroup;
			children = (
				97E68ED40C56F32426F592DE /* Pods-Untilet.debug.xcconfig */,
				7B880483845E165EE2A06863 /* Pods-Untilet.release.xcconfig */,
				D60F9D236F9FCBD22FB01A1B /* Pods-UntiletTests.debug.xcconfig */,
				F5D79DD411A35063B42DE302 /* Pods-UntiletTests.release.xcconfig */,
				74B8F62696A5D779B7423F77 /* Pods-UntiletUITests.debug.xcconfig */,
				30EF9FF0BA5E494C9529D531 /* Pods-UntiletUITests.release.xcconfig */,
			);
			name = Pods;
			sourceTree = "<group>";
		};
		ACCFEBAC1376A90D1B980FCC /* Frameworks */ = {
			isa = PBXGroup;
			children = (
				4EC7B32B526B12C695DA2A20 /* Pods_Untilet.framework */,
				D2E191E429D849ADFC5AAB82 /* Pods_UntiletTests.framework */,
				3755E1CAA71F00CCF91F7E25 /* Pods_UntiletUITests.framework */,
			);
			name = Frameworks;
			sourceTree = "<group>";
		};
		DA37493A1DEC713F000124CF = {
			isa = PBXGroup;
			children = (
				DA3749451DEC713F000124CF /* Untilet */,
				DA37495A1DEC713F000124CF /* UntiletTests */,
				DA3749651DEC713F000124CF /* UntiletUITests */,
				DA3749441DEC713F000124CF /* Products */,
				8F426932261A747400ED3DF0 /* Pods */,
				ACCFEBAC1376A90D1B980FCC /* Frameworks */,
			);
			sourceTree = "<group>";
		};
		DA3749441DEC713F000124CF /* Products */ = {
			isa = PBXGroup;
			children = (
				DA3749431DEC713F000124CF /* Untilet.app */,
				DA3749571DEC713F000124CF /* UntiletTests.xctest */,
				DA3749621DEC713F000124CF /* UntiletUITests.xctest */,
			);
			name = Products;
			sourceTree = "<group>";
		};
		DA3749451DEC713F000124CF /* Untilet */ = {
			isa = PBXGroup;
			children = (
				DA3749461DEC713F000124CF /* AppDelegate.swift */,
				3F3BE3211E33845F0097BC83 /* TitleViewController.swift */,
				DA3749481DEC713F000124CF /* ViewController.swift */,
				3F7868381DF6A281007AF7D8 /* FriendViewController.swift */,
				3F7868361DF68D0D007AF7D8 /* DiaryViewController.swift */,
				3FDABE7D1DFA9B1500E0640E /* DiaryWeekViewController.swift */,
				3FDABE7F1DFA9E0D00E0640E /* DiaryDayViewController.swift */,
				DA37494A1DEC713F000124CF /* Main.storyboard */,
				DA37494D1DEC713F000124CF /* Assets.xcassets */,
				3F3BE3271E3389030097BC83 /* mailntoilet.jpeg */,
				3FB160831DFED3D8006EEAE9 /* mimamori2.png */,
				3FB160811DFED214006EEAE9 /* untiletmonth2.png */,
				3FB1607F1DFED20C006EEAE9 /* untiletweek2.png */,
				3F301C301DFADA440066BC68 /* untitledweek.png */,
				3F3BE31F1E337D210097BC83 /* 腸イラスト①.png */,
				3F301C321DFAEBF00066BC68 /* untiletchou.png */,
				3F35588B1DF87D28001D1F3C /* untiletDiary.png */,
				3FF768351DF5CE7500974C42 /* hito.png */,
				3F7868301DF68254007AF7D8 /* diary.png */,
				3F7868321DF68259007AF7D8 /* timeline.png */,
				3F78682E1DF6824E007AF7D8 /* home.png */,
				3F7868341DF68B11007AF7D8 /* setting.png */,
				3F69C97A1DF2B17E0059FFAD /* hana.png */,
				3F69C9781DF2A1E40059FFAD /* logo1.png */,
				3F60B4311DF293C400170871 /* logo2.png */,
				3FE66D3C1DF92B08001B4DE5 /* untiletFriend.png */,
				DA37494F1DEC713F000124CF /* LaunchScreen.storyboard */,
				DA3749521DEC713F000124CF /* Info.plist */,
			);
			path = Untilet;
			sourceTree = "<group>";
		};
		DA37495A1DEC713F000124CF /* UntiletTests */ = {
			isa = PBXGroup;
			children = (
				DA37495B1DEC713F000124CF /* UntiletTests.swift */,
				DA37495D1DEC713F000124CF /* Info.plist */,
			);
			path = UntiletTests;
			sourceTree = "<group>";
		};
		DA3749651DEC713F000124CF /* UntiletUITests */ = {
			isa = PBXGroup;
			children = (
				DA3749661DEC713F000124CF /* UntiletUITests.swift */,
				DA3749681DEC713F000124CF /* Info.plist */,
			);
			path = UntiletUITests;
			sourceTree = "<group>";
		};
/* End PBXGroup section */

/* Begin PBXNativeTarget section */
		DA3749421DEC713F000124CF /* Untilet */ = {
			isa = PBXNativeTarget;
			buildConfigurationList = DA37496B1DEC713F000124CF /* Build configuration list for PBXNativeTarget "Untilet" */;
			buildPhases = (
				125F482968FC0FF255C27B99 /* [CP] Check Pods Manifest.lock */,
				DA37493F1DEC713F000124CF /* Sources */,
				DA3749401DEC713F000124CF /* Frameworks */,
				DA3749411DEC713F000124CF /* Resources */,
				80C16D70D8514EAFBA642951 /* [CP] Embed Pods Frameworks */,
				2324D32D0A242117E5DE1798 /* [CP] Copy Pods Resources */,
			);
			buildRules = (
			);
			dependencies = (
			);
			name = Untilet;
			productName = Untilet;
			productReference = DA3749431DEC713F000124CF /* Untilet.app */;
			productType = "com.apple.product-type.application";
		};
		DA3749561DEC713F000124CF /* UntiletTests */ = {
			isa = PBXNativeTarget;
			buildConfigurationList = DA37496E1DEC713F000124CF /* Build configuration list for PBXNativeTarget "UntiletTests" */;
			buildPhases = (
				FBCA0B22B054D2DE6B9029C3 /* [CP] Check Pods Manifest.lock */,
				DA3749531DEC713F000124CF /* Sources */,
				DA3749541DEC713F000124CF /* Frameworks */,
				DA3749551DEC713F000124CF /* Resources */,
				76464F84EDBC29E06E8E4657 /* [CP] Embed Pods Frameworks */,
				EC5D63721724F6567F59E651 /* [CP] Copy Pods Resources */,
			);
			buildRules = (
			);
			dependencies = (
				DA3749591DEC713F000124CF /* PBXTargetDependency */,
			);
			name = UntiletTests;
			productName = UntiletTests;
			productReference = DA3749571DEC713F000124CF /* UntiletTests.xctest */;
			productType = "com.apple.product-type.bundle.unit-test";
		};
		DA3749611DEC713F000124CF /* UntiletUITests */ = {
			isa = PBXNativeTarget;
			buildConfigurationList = DA3749711DEC713F000124CF /* Build configuration list for PBXNativeTarget "UntiletUITests" */;
			buildPhases = (
				3FC8B980CC98E0AEC514EA8F /* [CP] Check Pods Manifest.lock */,
				DA37495E1DEC713F000124CF /* Sources */,
				DA37495F1DEC713F000124CF /* Frameworks */,
				DA3749601DEC713F000124CF /* Resources */,
				802698FDB722D8364D6A58BC /* [CP] Embed Pods Frameworks */,
				94E79528CCD9EF700A31604E /* [CP] Copy Pods Resources */,
			);
			buildRules = (
			);
			dependencies = (
				DA3749641DEC713F000124CF /* PBXTargetDependency */,
			);
			name = UntiletUITests;
			productName = UntiletUITests;
			productReference = DA3749621DEC713F000124CF /* UntiletUITests.xctest */;
			productType = "com.apple.product-type.bundle.ui-testing";
		};
/* End PBXNativeTarget section */

/* Begin PBXProject section */
		DA37493B1DEC713F000124CF /* Project object */ = {
			isa = PBXProject;
			attributes = {
				LastSwiftUpdateCheck = 0800;
				LastUpgradeCheck = 0820;
				ORGANIZATIONNAME = "Eiji Takahashi";
				TargetAttributes = {
					DA3749421DEC713F000124CF = {
						CreatedOnToolsVersion = 8.0;
						DevelopmentTeam = DY57NL82G4;
						ProvisioningStyle = Automatic;
					};
					DA3749561DEC713F000124CF = {
						CreatedOnToolsVersion = 8.0;
						ProvisioningStyle = Automatic;
						TestTargetID = DA3749421DEC713F000124CF;
					};
					DA3749611DEC713F000124CF = {
						CreatedOnToolsVersion = 8.0;
						ProvisioningStyle = Automatic;
						TestTargetID = DA3749421DEC713F000124CF;
					};
				};
			};
			buildConfigurationList = DA37493E1DEC713F000124CF /* Build configuration list for PBXProject "Untilet" */;
			compatibilityVersion = "Xcode 3.2";
			developmentRegion = English;
			hasScannedForEncodings = 0;
			knownRegions = (
				en,
				Base,
			);
			mainGroup = DA37493A1DEC713F000124CF;
			productRefGroup = DA3749441DEC713F000124CF /* Products */;
			projectDirPath = "";
			projectRoot = "";
			targets = (
				DA3749421DEC713F000124CF /* Untilet */,
				DA3749561DEC713F000124CF /* UntiletTests */,
				DA3749611DEC713F000124CF /* UntiletUITests */,
			);
		};
/* End PBXProject section */

/* Begin PBXResourcesBuildPhase section */
		DA3749411DEC713F000124CF /* Resources */ = {
			isa = PBXResourcesBuildPhase;
			buildActionMask = 2147483647;
			files = (
				3FB160821DFED214006EEAE9 /* untiletmonth2.png in Resources */,
				3F301C311DFADA440066BC68 /* untitledweek.png in Resources */,
				3F3BE3281E3389030097BC83 /* mailntoilet.jpeg in Resources */,
				3F7868331DF68259007AF7D8 /* timeline.png in Resources */,
				DA3749511DEC713F000124CF /* LaunchScreen.storyboard in Resources */,
				DA37494E1DEC713F000124CF /* Assets.xcassets in Resources */,
				3FF768361DF5CE7500974C42 /* hito.png in Resources */,
				DA37494C1DEC713F000124CF /* Main.storyboard in Resources */,
				3FB160801DFED20C006EEAE9 /* untiletweek2.png in Resources */,
				3F35588C1DF87D28001D1F3C /* untiletDiary.png in Resources */,
				3F301C331DFAEBF00066BC68 /* untiletchou.png in Resources */,
				3F7868351DF68B11007AF7D8 /* setting.png in Resources */,
				3FE66D3D1DF92B08001B4DE5 /* untiletFriend.png in Resources */,
				3F3BE3201E337D210097BC83 /* 腸イラスト①.png in Resources */,
				3F78682F1DF6824E007AF7D8 /* home.png in Resources */,
				3F69C9791DF2A1E40059FFAD /* logo1.png in Resources */,
				3F60B4321DF293C400170871 /* logo2.png in Resources */,
				3F7868311DF68254007AF7D8 /* diary.png in Resources */,
				3F69C97B1DF2B17E0059FFAD /* hana.png in Resources */,
				3FB160841DFED3D8006EEAE9 /* mimamori2.png in Resources */,
			);
			runOnlyForDeploymentPostprocessing = 0;
		};
		DA3749551DEC713F000124CF /* Resources */ = {
			isa = PBXResourcesBuildPhase;
			buildActionMask = 2147483647;
			files = (
			);
			runOnlyForDeploymentPostprocessing = 0;
		};
		DA3749601DEC713F000124CF /* Resources */ = {
			isa = PBXResourcesBuildPhase;
			buildActionMask = 2147483647;
			files = (
			);
			runOnlyForDeploymentPostprocessing = 0;
		};
/* End PBXResourcesBuildPhase section */

/* Begin PBXShellScriptBuildPhase section */
		125F482968FC0FF255C27B99 /* [CP] Check Pods Manifest.lock */ = {
			isa = PBXShellScriptBuildPhase;
			buildActionMask = 2147483647;
			files = (
			);
			inputPaths = (
			);
			name = "[CP] Check Pods Manifest.lock";
			outputPaths = (
			);
			runOnlyForDeploymentPostprocessing = 0;
			shellPath = /bin/sh;
			shellScript = "diff \"${PODS_ROOT}/../Podfile.lock\" \"${PODS_ROOT}/Manifest.lock\" > /dev/null\nif [ $? != 0 ] ; then\n    # print error to STDERR\n    echo \"error: The sandbox is not in sync with the Podfile.lock. Run 'pod install' or update your CocoaPods installation.\" >&2\n    exit 1\nfi\n";
			showEnvVarsInLog = 0;
		};
		2324D32D0A242117E5DE1798 /* [CP] Copy Pods Resources */ = {
			isa = PBXShellScriptBuildPhase;
			buildActionMask = 2147483647;
			files = (
			);
			inputPaths = (
			);
			name = "[CP] Copy Pods Resources";
			outputPaths = (
			);
			runOnlyForDeploymentPostprocessing = 0;
			shellPath = /bin/sh;
			shellScript = "\"${SRCROOT}/Pods/Target Support Files/Pods-Untilet/Pods-Untilet-resources.sh\"\n";
			showEnvVarsInLog = 0;
		};
		3FC8B980CC98E0AEC514EA8F /* [CP] Check Pods Manifest.lock */ = {
			isa = PBXShellScriptBuildPhase;
			buildActionMask = 2147483647;
			files = (
			);
			inputPaths = (
			);
			name = "[CP] Check Pods Manifest.lock";
			outputPaths = (
			);
			runOnlyForDeploymentPostprocessing = 0;
			shellPath = /bin/sh;
			shellScript = "diff \"${PODS_ROOT}/../Podfile.lock\" \"${PODS_ROOT}/Manifest.lock\" > /dev/null\nif [ $? != 0 ] ; then\n    # print error to STDERR\n    echo \"error: The sandbox is not in sync with the Podfile.lock. Run 'pod install' or update your CocoaPods installation.\" >&2\n    exit 1\nfi\n";
			showEnvVarsInLog = 0;
		};
		76464F84EDBC29E06E8E4657 /* [CP] Embed Pods Frameworks */ = {
			isa = PBXShellScriptBuildPhase;
			buildActionMask = 2147483647;
			files = (
			);
			inputPaths = (
			);
			name = "[CP] Embed Pods Frameworks";
			outputPaths = (
			);
			runOnlyForDeploymentPostprocessing = 0;
			shellPath = /bin/sh;
			shellScript = "\"${SRCROOT}/Pods/Target Support Files/Pods-UntiletTests/Pods-UntiletTests-frameworks.sh\"\n";
			showEnvVarsInLog = 0;
		};
		802698FDB722D8364D6A58BC /* [CP] Embed Pods Frameworks */ = {
			isa = PBXShellScriptBuildPhase;
			buildActionMask = 2147483647;
			files = (
			);
			inputPaths = (
			);
			name = "[CP] Embed Pods Frameworks";
			outputPaths = (
			);
			runOnlyForDeploymentPostprocessing = 0;
			shellPath = /bin/sh;
			shellScript = "\"${SRCROOT}/Pods/Target Support Files/Pods-UntiletUITests/Pods-UntiletUITests-frameworks.sh\"\n";
			showEnvVarsInLog = 0;
		};
		80C16D70D8514EAFBA642951 /* [CP] Embed Pods Frameworks */ = {
			isa = PBXShellScriptBuildPhase;
			buildActionMask = 2147483647;
			files = (
			);
			inputPaths = (
			);
			name = "[CP] Embed Pods Frameworks";
			outputPaths = (
			);
			runOnlyForDeploymentPostprocessing = 0;
			shellPath = /bin/sh;
			shellScript = "\"${SRCROOT}/Pods/Target Support Files/Pods-Untilet/Pods-Untilet-frameworks.sh\"\n";
			showEnvVarsInLog = 0;
		};
		94E79528CCD9EF700A31604E /* [CP] Copy Pods Resources */ = {
			isa = PBXShellScriptBuildPhase;
			buildActionMask = 2147483647;
			files = (
			);
			inputPaths = (
			);
			name = "[CP] Copy Pods Resources";
			outputPaths = (
			);
			runOnlyForDeploymentPostprocessing = 0;
			shellPath = /bin/sh;
			shellScript = "\"${SRCROOT}/Pods/Target Support Files/Pods-UntiletUITests/Pods-UntiletUITests-resources.sh\"\n";
			showEnvVarsInLog = 0;
		};
		EC5D63721724F6567F59E651 /* [CP] Copy Pods Resources */ = {
			isa = PBXShellScriptBuildPhase;
			buildActionMask = 2147483647;
			files = (
			);
			inputPaths = (
			);
			name = "[CP] Copy Pods Resources";
			outputPaths = (
			);
			runOnlyForDeploymentPostprocessing = 0;
			shellPath = /bin/sh;
			shellScript = "\"${SRCROOT}/Pods/Target Support Files/Pods-UntiletTests/Pods-UntiletTests-resources.sh\"\n";
			showEnvVarsInLog = 0;
		};
		FBCA0B22B054D2DE6B9029C3 /* [CP] Check Pods Manifest.lock */ = {
			isa = PBXShellScriptBuildPhase;
			buildActionMask = 2147483647;
			files = (
			);
			inputPaths = (
			);
			name = "[CP] Check Pods Manifest.lock";
			outputPaths = (
			);
			runOnlyForDeploymentPostprocessing = 0;
			shellPath = /bin/sh;
			shellScript = "diff \"${PODS_ROOT}/../Podfile.lock\" \"${PODS_ROOT}/Manifest.lock\" > /dev/null\nif [ $? != 0 ] ; then\n    # print error to STDERR\n    echo \"error: The sandbox is not in sync with the Podfile.lock. Run 'pod install' or update your CocoaPods installation.\" >&2\n    exit 1\nfi\n";
			showEnvVarsInLog = 0;
		};
/* End PBXShellScriptBuildPhase section */

/* Begin PBXSourcesBuildPhase section */
		DA37493F1DEC713F000124CF /* Sources */ = {
			isa = PBXSourcesBuildPhase;
			buildActionMask = 2147483647;
			files = (
				3F7868391DF6A281007AF7D8 /* FriendViewController.swift in Sources */,
				3FDABE801DFA9E0D00E0640E /* DiaryDayViewController.swift in Sources */,
				DA3749491DEC713F000124CF /* ViewController.swift in Sources */,
				3F3BE3221E33845F0097BC83 /* TitleViewController.swift in Sources */,
				3FDABE7E1DFA9B1500E0640E /* DiaryWeekViewController.swift in Sources */,
				3F7868371DF68D0D007AF7D8 /* DiaryViewController.swift in Sources */,
				DA3749471DEC713F000124CF /* AppDelegate.swift in Sources */,
			);
			runOnlyForDeploymentPostprocessing = 0;
		};
		DA3749531DEC713F000124CF /* Sources */ = {
			isa = PBXSourcesBuildPhase;
			buildActionMask = 2147483647;
			files = (
				DA37495C1DEC713F000124CF /* UntiletTests.swift in Sources */,
			);
			runOnlyForDeploymentPostprocessing = 0;
		};
		DA37495E1DEC713F000124CF /* Sources */ = {
			isa = PBXSourcesBuildPhase;
			buildActionMask = 2147483647;
			files = (
				DA3749671DEC713F000124CF /* UntiletUITests.swift in Sources */,
			);
			runOnlyForDeploymentPostprocessing = 0;
		};
/* End PBXSourcesBuildPhase section */

/* Begin PBXTargetDependency section */
		DA3749591DEC713F000124CF /* PBXTargetDependency */ = {
			isa = PBXTargetDependency;
			target = DA3749421DEC713F000124CF /* Untilet */;
			targetProxy = DA3749581DEC713F000124CF /* PBXContainerItemProxy */;
		};
		DA3749641DEC713F000124CF /* PBXTargetDependency */ = {
			isa = PBXTargetDependency;
			target = DA3749421DEC713F000124CF /* Untilet */;
			targetProxy = DA3749631DEC713F000124CF /* PBXContainerItemProxy */;
		};
/* End PBXTargetDependency section */

/* Begin PBXVariantGroup section */
		DA37494A1DEC713F000124CF /* Main.storyboard */ = {
			isa = PBXVariantGroup;
			children = (
				DA37494B1DEC713F000124CF /* Base */,
			);
			name = Main.storyboard;
			sourceTree = "<group>";
		};
		DA37494F1DEC713F000124CF /* LaunchScreen.storyboard */ = {
			isa = PBXVariantGroup;
			children = (
				DA3749501DEC713F000124CF /* Base */,
			);
			name = LaunchScreen.storyboard;
			sourceTree = "<group>";
		};
/* End PBXVariantGroup section */

/* Begin XCBuildConfiguration section */
		DA3749691DEC713F000124CF /* Debug */ = {
			isa = XCBuildConfiguration;
			buildSettings = {
				ALWAYS_SEARCH_USER_PATHS = NO;
				CLANG_ANALYZER_NONNULL = YES;
				CLANG_CXX_LANGUAGE_STANDARD = "gnu++0x";
				CLANG_CXX_LIBRARY = "libc++";
				CLANG_ENABLE_MODULES = YES;
				CLANG_ENABLE_OBJC_ARC = YES;
				CLANG_WARN_BOOL_CONVERSION = YES;
				CLANG_WARN_CONSTANT_CONVERSION = YES;
				CLANG_WARN_DIRECT_OBJC_ISA_USAGE = YES_ERROR;
				CLANG_WARN_DOCUMENTATION_COMMENTS = YES;
				CLANG_WARN_EMPTY_BODY = YES;
				CLANG_WARN_ENUM_CONVERSION = YES;
				CLANG_WARN_INFINITE_RECURSION = YES;
				CLANG_WARN_INT_CONVERSION = YES;
				CLANG_WARN_OBJC_ROOT_CLASS = YES_ERROR;
				CLANG_WARN_SUSPICIOUS_MOVE = YES;
				CLANG_WARN_SUSPICIOUS_MOVES = YES;
				CLANG_WARN_UNREACHABLE_CODE = YES;
				CLANG_WARN__DUPLICATE_METHOD_MATCH = YES;
				"CODE_SIGN_IDENTITY[sdk=iphoneos*]" = "iPhone Developer";
				COPY_PHASE_STRIP = NO;
				DEBUG_INFORMATION_FORMAT = dwarf;
				ENABLE_STRICT_OBJC_MSGSEND = YES;
				ENABLE_TESTABILITY = YES;
				GCC_C_LANGUAGE_STANDARD = gnu99;
				GCC_DYNAMIC_NO_PIC = NO;
				GCC_NO_COMMON_BLOCKS = YES;
				GCC_OPTIMIZATION_LEVEL = 0;
				GCC_PREPROCESSOR_DEFINITIONS = (
					"DEBUG=1",
					"$(inherited)",
				);
				GCC_WARN_64_TO_32_BIT_CONVERSION = YES;
				GCC_WARN_ABOUT_RETURN_TYPE = YES_ERROR;
				GCC_WARN_UNDECLARED_SELECTOR = YES;
				GCC_WARN_UNINITIALIZED_AUTOS = YES_AGGRESSIVE;
				GCC_WARN_UNUSED_FUNCTION = YES;
				GCC_WARN_UNUSED_VARIABLE = YES;
				IPHONEOS_DEPLOYMENT_TARGET = 10.2;
				MTL_ENABLE_DEBUG_INFO = YES;
				ONLY_ACTIVE_ARCH = YES;
				SDKROOT = iphoneos;
				SWIFT_ACTIVE_COMPILATION_CONDITIONS = DEBUG;
				SWIFT_OPTIMIZATION_LEVEL = "-Onone";
				TARGETED_DEVICE_FAMILY = "1,2";
			};
			name = Debug;
		};
		DA37496A1DEC713F000124CF /* Release */ = {
			isa = XCBuildConfiguration;
			buildSettings = {
				ALWAYS_SEARCH_USER_PATHS = NO;
				CLANG_ANALYZER_NONNULL = YES;
				CLANG_CXX_LANGUAGE_STANDARD = "gnu++0x";
				CLANG_CXX_LIBRARY = "libc++";
				CLANG_ENABLE_MODULES = YES;
				CLANG_ENABLE_OBJC_ARC = YES;
				CLANG_WARN_BOOL_CONVERSION = YES;
				CLANG_WARN_CONSTANT_CONVERSION = YES;
				CLANG_WARN_DIRECT_OBJC_ISA_USAGE = YES_ERROR;
				CLANG_WARN_DOCUMENTATION_COMMENTS = YES;
				CLANG_WARN_EMPTY_BODY = YES;
				CLANG_WARN_ENUM_CONVERSION = YES;
				CLANG_WARN_INFINITE_RECURSION = YES;
				CLANG_WARN_INT_CONVERSION = YES;
				CLANG_WARN_OBJC_ROOT_CLASS = YES_ERROR;
				CLANG_WARN_SUSPICIOUS_MOVE = YES;
				CLANG_WARN_SUSPICIOUS_MOVES = YES;
				CLANG_WARN_UNREACHABLE_CODE = YES;
				CLANG_WARN__DUPLICATE_METHOD_MATCH = YES;
				"CODE_SIGN_IDENTITY[sdk=iphoneos*]" = "iPhone Developer";
				COPY_PHASE_STRIP = NO;
				DEBUG_INFORMATION_FORMAT = "dwarf-with-dsym";
				ENABLE_NS_ASSERTIONS = NO;
				ENABLE_STRICT_OBJC_MSGSEND = YES;
				GCC_C_LANGUAGE_STANDARD = gnu99;
				GCC_NO_COMMON_BLOCKS = YES;
				GCC_WARN_64_TO_32_BIT_CONVERSION = YES;
				GCC_WARN_ABOUT_RETURN_TYPE = YES_ERROR;
				GCC_WARN_UNDECLARED_SELECTOR = YES;
				GCC_WARN_UNINITIALIZED_AUTOS = YES_AGGRESSIVE;
				GCC_WARN_UNUSED_FUNCTION = YES;
				GCC_WARN_UNUSED_VARIABLE = YES;
				IPHONEOS_DEPLOYMENT_TARGET = 10.2;
				MTL_ENABLE_DEBUG_INFO = NO;
				SDKROOT = iphoneos;
				SWIFT_OPTIMIZATION_LEVEL = "-Owholemodule";
				TARGETED_DEVICE_FAMILY = "1,2";
				VALIDATE_PRODUCT = YES;
			};
			name = Release;
		};
		DA37496C1DEC713F000124CF /* Debug */ = {
			isa = XCBuildConfiguration;
			baseConfigurationReference = 97E68ED40C56F32426F592DE /* Pods-Untilet.debug.xcconfig */;
			buildSettings = {
				ASSETCATALOG_COMPILER_APPICON_NAME = AppIcon;
				"CODE_SIGN_IDENTITY[sdk=iphoneos*]" = "iPhone Developer";
				DEVELOPMENT_TEAM = DY57NL82G4;
				GENERATE_PROFILING_CODE = NO;
				INFOPLIST_FILE = Untilet/Info.plist;
				IPHONEOS_DEPLOYMENT_TARGET = 10.0;
				LD_RUNPATH_SEARCH_PATHS = "$(inherited) @executable_path/Frameworks";
				PRODUCT_BUNDLE_IDENTIFIER = Untilet.taki3;
				PRODUCT_NAME = "$(TARGET_NAME)";
				SWIFT_VERSION = 3.0;
				TARGETED_DEVICE_FAMILY = 1;
			};
			name = Debug;
		};
		DA37496D1DEC713F000124CF /* Release */ = {
			isa = XCBuildConfiguration;
			baseConfigurationReference = 7B880483845E165EE2A06863 /* Pods-Untilet.release.xcconfig */;
			buildSettings = {
				ASSETCATALOG_COMPILER_APPICON_NAME = AppIcon;
				"CODE_SIGN_IDENTITY[sdk=iphoneos*]" = "iPhone Developer";
				DEVELOPMENT_TEAM = DY57NL82G4;
				GENERATE_PROFILING_CODE = NO;
				INFOPLIST_FILE = Untilet/Info.plist;
				IPHONEOS_DEPLOYMENT_TARGET = 10.0;
				LD_RUNPATH_SEARCH_PATHS = "$(inherited) @executable_path/Frameworks";
				PRODUCT_BUNDLE_IDENTIFIER = Untilet.taki3;
				PRODUCT_NAME = "$(TARGET_NAME)";
				SWIFT_VERSION = 3.0;
				TARGETED_DEVICE_FAMILY = 1;
			};
			name = Release;
		};
		DA37496F1DEC713F000124CF /* Debug */ = {
			isa = XCBuildConfiguration;
			baseConfigurationReference = D60F9D236F9FCBD22FB01A1B /* Pods-UntiletTests.debug.xcconfig */;
			buildSettings = {
				ALWAYS_EMBED_SWIFT_STANDARD_LIBRARIES = YES;
				BUNDLE_LOADER = "$(TEST_HOST)";
				INFOPLIST_FILE = UntiletTests/Info.plist;
				LD_RUNPATH_SEARCH_PATHS = "$(inherited) @executable_path/Frameworks @loader_path/Frameworks";
				PRODUCT_BUNDLE_IDENTIFIER = Untilet.UntiletTests;
				PRODUCT_NAME = "$(TARGET_NAME)";
				SWIFT_VERSION = 3.0;
				TEST_HOST = "$(BUILT_PRODUCTS_DIR)/Untilet.app/Untilet";
			};
			name = Debug;
		};
		DA3749701DEC713F000124CF /* Release */ = {
			isa = XCBuildConfiguration;
			baseConfigurationReference = F5D79DD411A35063B42DE302 /* Pods-UntiletTests.release.xcconfig */;
			buildSettings = {
				ALWAYS_EMBED_SWIFT_STANDARD_LIBRARIES = YES;
				BUNDLE_LOADER = "$(TEST_HOST)";
				INFOPLIST_FILE = UntiletTests/Info.plist;
				LD_RUNPATH_SEARCH_PATHS = "$(inherited) @executable_path/Frameworks @loader_path/Frameworks";
				PRODUCT_BUNDLE_IDENTIFIER = Untilet.UntiletTests;
				PRODUCT_NAME = "$(TARGET_NAME)";
				SWIFT_VERSION = 3.0;
				TEST_HOST = "$(BUILT_PRODUCTS_DIR)/Untilet.app/Untilet";
			};
			name = Release;
		};
		DA3749721DEC713F000124CF /* Debug */ = {
			isa = XCBuildConfiguration;
			baseConfigurationReference = 74B8F62696A5D779B7423F77 /* Pods-UntiletUITests.debug.xcconfig */;
			buildSettings = {
				ALWAYS_EMBED_SWIFT_STANDARD_LIBRARIES = YES;
				INFOPLIST_FILE = UntiletUITests/Info.plist;
				LD_RUNPATH_SEARCH_PATHS = "$(inherited) @executable_path/Frameworks @loader_path/Frameworks";
				PRODUCT_BUNDLE_IDENTIFIER = Untilet.UntiletUITests;
				PRODUCT_NAME = "$(TARGET_NAME)";
				SWIFT_VERSION = 3.0;
				TEST_TARGET_NAME = Untilet;
			};
			name = Debug;
		};
		DA3749731DEC713F000124CF /* Release */ = {
			isa = XCBuildConfiguration;
			baseConfigurationReference = 30EF9FF0BA5E494C9529D531 /* Pods-UntiletUITests.release.xcconfig */;
			buildSettings = {
				ALWAYS_EMBED_SWIFT_STANDARD_LIBRARIES = YES;
				INFOPLIST_FILE = UntiletUITests/Info.plist;
				LD_RUNPATH_SEARCH_PATHS = "$(inherited) @executable_path/Frameworks @loader_path/Frameworks";
				PRODUCT_BUNDLE_IDENTIFIER = Untilet.UntiletUITests;
				PRODUCT_NAME = "$(TARGET_NAME)";
				SWIFT_VERSION = 3.0;
				TEST_TARGET_NAME = Untilet;
			};
			name = Release;
		};
/* End XCBuildConfiguration section */

/* Begin XCConfigurationList section */
		DA37493E1DEC713F000124CF /* Build configuration list for PBXProject "Untilet" */ = {
			isa = XCConfigurationList;
			buildConfigurations = (
				DA3749691DEC713F000124CF /* Debug */,
				DA37496A1DEC713F000124CF /* Release */,
			);
			defaultConfigurationIsVisible = 0;
			defaultConfigurationName = Release;
		};
		DA37496B1DEC713F000124CF /* Build configuration list for PBXNativeTarget "Untilet" */ = {
			isa = XCConfigurationList;
			buildConfigurations = (
				DA37496C1DEC713F000124CF /* Debug */,
				DA37496D1DEC713F000124CF /* Release */,
			);
			defaultConfigurationIsVisible = 0;
			defaultConfigurationName = Release;
		};
		DA37496E1DEC713F000124CF /* Build configuration list for PBXNativeTarget "UntiletTests" */ = {
			isa = XCConfigurationList;
			buildConfigurations = (
				DA37496F1DEC713F000124CF /* Debug */,
				DA3749701DEC713F000124CF /* Release */,
			);
			defaultConfigurationIsVisible = 0;
			defaultConfigurationName = Release;
		};
		DA3749711DEC713F000124CF /* Build configuration list for PBXNativeTarget "UntiletUITests" */ = {
			isa = XCConfigurationList;
			buildConfigurations = (
				DA3749721DEC713F000124CF /* Debug */,
				DA3749731DEC713F000124CF /* Release */,
			);
			defaultConfigurationIsVisible = 0;
			defaultConfigurationName = Release;
		};
/* End XCConfigurationList section */
	};
	rootObject = DA37493B1DEC713F000124CF /* Project object */;
}
